{
  "name": "node-with-lockfile",
  "version": "1.0.0",
  "lockfileVersion": 3,
  "requires": true,
  "packages": {
    "": {
      "name": "node-with-lockfile",
      "version": "1.0.0",
      "dependencies": {
        "foo": "^1.0.0"
      },
      "devDependencies": {
        "bar": "^2.0.0"
      }
    },
    "node_modules/foo": {
      "version": "1.0.0"
    },
    "node_modules/bar": {
      "version": "2.0.0",
      "dependencies": {
        "baz": "^3.0.0"
      }
    },
    "node_modules/baz": {
      "version": "3.0.0"
    }
  }
}
