# This file is automatically @generated by Cargo.
# It is not intended for manual editing.
version = 3

[[package]]
name = "serde"
version = "1.0.130"
source = "registry+https://github.com/rust-lang/crates.io-index"
checksum = "0f9eab239c4d36853f6c3829f6902795491eb530f1202e421d896c24f68673737"
dependencies = [
 "serde_derive",
]

[[package]]
name = "serde_derive"
version = "1.0.130"
source = "registry+https://github.com/rust-lang/crates.io-index"
checksum = "f122d239c4d36853f6c3829f6902795491eb530f1202e421d896c24f68673737"

[[package]]
name = "testrust"
version = "0.1.0"
dependencies = [
 "serde",
]
